// !$*UTF8*$!
{
	archiveVersion = 1;
	classes = {
	};
	objectVersion = 56;
	objects = {

/* Begin PBXBuildFile section */
		F5FB44DF2A131214004D3898 /* Swift_lab2App.swift in Sources */ = {isa = PBXBuildFile; fileRef = F5FB44DE2A131214004D3898 /* Swift_lab2App.swift */; };
		F5FB44E12A131214004D3898 /* ContentView.swift in Sources */ = {isa = PBXBuildFile; fileRef = F5FB44E02A131214004D3898 /* ContentView.swift */; };
		F5FB44E32A131216004D3898 /* Assets.xcassets in Resources */ = {isa = PBXBuildFile; fileRef = F5FB44E22A131216004D3898 /* Assets.xcassets */; };
		F5FB44E62A131216004D3898 /* Preview Assets.xcassets in Resources */ = {isa = PBXBuildFile; fileRef = F5FB44E52A131216004D3898 /* Preview Assets.xcassets */; };
		F5FB44F02A131216004D3898 /* Swift_lab2Tests.swift in Sources */ = {isa = PBXBuildFile; fileRef = F5FB44EF2A131216004D3898 /* Swift_lab2Tests.swift */; };
		F5FB44FA2A131216004D3898 /* Swift_lab2UITests.swift in Sources */ = {isa = PBXBuildFile; fileRef = F5FB44F92A131216004D3898 /* Swift_lab2UITests.swift */; };
		F5FB44FC2A131217004D3898 /* Swift_lab2UITestsLaunchTests.swift in Sources */ = {isa = PBXBuildFile; fileRef = F5FB44FB2A131217004D3898 /* Swift_lab2UITestsLaunchTests.swift */; };
		F5FB45092A13128E004D3898 /* LabView.swift in Sources */ = {isa = PBXBuildFile; fileRef = F5FB45082A13128E004D3898 /* LabView.swift */; };
/* End PBXBuildFile section */

/* Begin PBXContainerItemProxy section */
		F5FB44EC2A131216004D3898 /* PBXContainerItemProxy */ = {
			isa = PBXContainerItemProxy;
			containerPortal = F5FB44D32A131214004D3898 /* Project object */;
			proxyType = 1;
			remoteGlobalIDString = F5FB44DA2A131214004D3898;
			remoteInfo = Swift_lab2;
		};
		F5FB44F62A131216004D3898 /* PBXContainerItemProxy */ = {
			isa = PBXContainerItemProxy;
			containerPortal = F5FB44D32A131214004D3898 /* Project object */;
			proxyType = 1;
			remoteGlobalIDString = F5FB44DA2A131214004D3898;
			remoteInfo = Swift_lab2;
		};
/* End PBXContainerItemProxy section */

/* Begin PBXFileReference section */
		F5FB44DB2A131214004D3898 /* Swift_lab2.app */ = {isa = PBXFileReference; explicitFileType = wrapper.application; includeInIndex = 0; path = Swift_lab2.app; sourceTree = BUILT_PRODUCTS_DIR; };
		F5FB44DE2A131214004D3898 /* Swift_lab2App.swift */ = {isa = PBXFileReference; lastKnownFileType = sourcecode.swift; path = Swift_lab2App.swift; sourceTree = "<group>"; };
		F5FB44E02A131214004D3898 /* ContentView.swift */ = {isa = PBXFileReference; lastKnownFileType = sourcecode.swift; path = ContentView.swift; sourceTree = "<group>"; };
		F5FB44E22A131216004D3898 /* Assets.xcassets */ = {isa = PBXFileReference; lastKnownFileType = folder.assetcatalog; path = Assets.xcassets; sourceTree = "<group>"; };
		F5FB44E52A131216004D3898 /* Preview Assets.xcassets */ = {isa = PBXFileReference; lastKnownFileType = folder.assetcatalog; path = "Preview Assets.xcassets"; sourceTree = "<group>"; };
		F5FB44EB2A131216004D3898 /* Swift_lab2Tests.xctest */ = {isa = PBXFileReference; explicitFileType = wrapper.cfbundle; includeInIndex = 0; path = Swift_lab2Tests.xctest; sourceTree = BUILT_PRODUCTS_DIR; };
		F5FB44EF2A131216004D3898 /* Swift_lab2Tests.swift */ = {isa = PBXFileReference; lastKnownFileType = sourcecode.swift; path = Swift_lab2Tests.swift; sourceTree = "<group>"; };
		F5FB44F52A131216004D3898 /* Swift_lab2UITests.xctest */ = {isa = PBXFileReference; explicitFileType = wrapper.cfbundle; includeInIndex = 0; path = Swift_lab2UITests.xctest; sourceTree = BUILT_PRODUCTS_DIR; };
		F5FB44F92A131216004D3898 /* Swift_lab2UITests.swift */ = {isa = PBXFileReference; lastKnownFileType = sourcecode.swift; path = Swift_lab2UITests.swift; sourceTree = "<group>"; };
		F5FB44FB2A131217004D3898 /* Swift_lab2UITestsLaunchTests.swift */ = {isa = PBXFileReference; lastKnownFileType = sourcecode.swift; path = Swift_lab2UITestsLaunchTests.swift; sourceTree = "<group>"; };
		F5FB45082A13128E004D3898 /* LabView.swift */ = {isa = PBXFileReference; lastKnownFileType = sourcecode.swift; path = LabView.swift; sourceTree = "<group>"; };
/* End PBXFileReference section */

/* Begin PBXFrameworksBuildPhase section */
		F5FB44D82A131214004D3898 /* Frameworks */ = {
			isa = PBXFrameworksBuildPhase;
			buildActionMask = 2147483647;
			files = (
			);
			runOnlyForDeploymentPostprocessing = 0;
		};
		F5FB44E82A131216004D3898 /* Frameworks */ = {
			isa = PBXFrameworksBuildPhase;
			buildActionMask = 2147483647;
			files = (
			);
			runOnlyForDeploymentPostprocessing = 0;
		};
		F5FB44F22A131216004D3898 /* Frameworks */ = {
			isa = PBXFrameworksBuildPhase;
			buildActionMask = 2147483647;
			files = (
			);
			runOnlyForDeploymentPostprocessing = 0;
		};
/* End PBXFrameworksBuildPhase section */

/* Begin PBXGroup section */
		F5FB44D22A131214004D3898 = {
			isa = PBXGroup;
			children = (
				F5FB44DD2A131214004D3898 /* Swift_lab2 */,
				F5FB44EE2A131216004D3898 /* Swift_lab2Tests */,
				F5FB44F82A131216004D3898 /* Swift_lab2UITests */,
				F5FB44DC2A131214004D3898 /* Products */,
			);
			sourceTree = "<group>";
		};
		F5FB44DC2A131214004D3898 /* Products */ = {
			isa = PBXGroup;
			children = (
				F5FB44DB2A131214004D3898 /* Swift_lab2.app */,
				F5FB44EB2A131216004D3898 /* Swift_lab2Tests.xctest */,
				F5FB44F52A131216004D3898 /* Swift_lab2UITests.xctest */,
			);
			name = Products;
			sourceTree = "<group>";
		};
		F5FB44DD2A131214004D3898 /* Swift_lab2 */ = {
			isa = PBXGroup;
			children = (
				F5FB44DE2A131214004D3898 /* Swift_lab2App.swift */,
				F5FB44E02A131214004D3898 /* ContentView.swift */,
				F5FB45082A13128E004D3898 /* LabView.swift */,
				F5FB44E22A131216004D3898 /* Assets.xcassets */,
				F5FB44E42A131216004D3898 /* Preview Content */,
			);
			path = Swift_lab2;
			sourceTree = "<group>";
		};
		F5FB44E42A131216004D3898 /* Preview Content */ = {
			isa = PBXGroup;
			children = (
				F5FB44E52A131216004D3898 /* Preview Assets.xcassets */,
			);
			path = "Preview Content";
			sourceTree = "<group>";
		};
		F5FB44EE2A131216004D3898 /* Swift_lab2Tests */ = {
			isa = PBXGroup;
			children = (
				F5FB44EF2A131216004D3898 /* Swift_lab2Tests.swift */,
			);
			path = Swift_lab2Tests;
			sourceTree = "<group>";
		};
		F5FB44F82A131216004D3898 /* Swift_lab2UITests */ = {
			isa = PBXGroup;
			children = (
				F5FB44F92A131216004D3898 /* Swift_lab2UITests.swift */,
				F5FB44FB2A131217004D3898 /* Swift_lab2UITestsLaunchTests.swift */,
			);
			path = Swift_lab2UITests;
			sourceTree = "<group>";
		};
/* End PBXGroup section */

/* Begin PBXNativeTarget section */
		F5FB44DA2A131214004D3898 /* Swift_lab2 */ = {
			isa = PBXNativeTarget;
			buildConfigurationList = F5FB44FF2A131217004D3898 /* Build configuration list for PBXNativeTarget "Swift_lab2" */;
			buildPhases = (
				F5FB44D72A131214004D3898 /* Sources */,
				F5FB44D82A131214004D3898 /* Frameworks */,
				F5FB44D92A131214004D3898 /* Resources */,
			);
			buildRules = (
			);
			dependencies = (
			);
			name = Swift_lab2;
			productName = Swift_lab2;
			productReference = F5FB44DB2A131214004D3898 /* Swift_lab2.app */;
			productType = "com.apple.product-type.application";
		};
		F5FB44EA2A131216004D3898 /* Swift_lab2Tests */ = {
			isa = PBXNativeTarget;
			buildConfigurationList = F5FB45022A131217004D3898 /* Build configuration list for PBXNativeTarget "Swift_lab2Tests" */;
			buildPhases = (
				F5FB44E72A131216004D3898 /* Sources */,
				F5FB44E82A131216004D3898 /* Frameworks */,
				F5FB44E92A131216004D3898 /* Resources */,
			);
			buildRules = (
			);
			dependencies = (
				F5FB44ED2A131216004D3898 /* PBXTargetDependency */,
			);
			name = Swift_lab2Tests;
			productName = Swift_lab2Tests;
			productReference = F5FB44EB2A131216004D3898 /* Swift_lab2Tests.xctest */;
			productType = "com.apple.product-type.bundle.unit-test";
		};
		F5FB44F42A131216004D3898 /* Swift_lab2UITests */ = {
			isa = PBXNativeTarget;
			buildConfigurationList = F5FB45052A131217004D3898 /* Build configuration list for PBXNativeTarget "Swift_lab2UITests" */;
			buildPhases = (
				F5FB44F12A131216004D3898 /* Sources */,
				F5FB44F22A131216004D3898 /* Frameworks */,
				F5FB44F32A131216004D3898 /* Resources */,
			);
			buildRules = (
			);
			dependencies = (
				F5FB44F72A131216004D3898 /* PBXTargetDependency */,
			);
			name = Swift_lab2UITests;
			productName = Swift_lab2UITests;
			productReference = F5FB44F52A131216004D3898 /* Swift_lab2UITests.xctest */;
			productType = "com.apple.product-type.bundle.ui-testing";
		};
/* End PBXNativeTarget section */

/* Begin PBXProject section */
		F5FB44D32A131214004D3898 /* Project object */ = {
			isa = PBXProject;
			attributes = {
				BuildIndependentTargetsInParallel = 1;
				LastSwiftUpdateCheck = 1430;
				LastUpgradeCheck = 1430;
				TargetAttributes = {
					F5FB44DA2A131214004D3898 = {
						CreatedOnToolsVersion = 14.3;
					};
					F5FB44EA2A131216004D3898 = {
						CreatedOnToolsVersion = 14.3;
						TestTargetID = F5FB44DA2A131214004D3898;
					};
					F5FB44F42A131216004D3898 = {
						CreatedOnToolsVersion = 14.3;
						TestTargetID = F5FB44DA2A131214004D3898;
					};
				};
			};
			buildConfigurationList = F5FB44D62A131214004D3898 /* Build configuration list for PBXProject "Swift_lab2" */;
			compatibilityVersion = "Xcode 14.0";
			developmentRegion = en;
			hasScannedForEncodings = 0;
			knownRegions = (
				en,
				Base,
			);
			mainGroup = F5FB44D22A131214004D3898;
			productRefGroup = F5FB44DC2A131214004D3898 /* Products */;
			projectDirPath = "";
			projectRoot = "";
			targets = (
				F5FB44DA2A131214004D3898 /* Swift_lab2 */,
				F5FB44EA2A131216004D3898 /* Swift_lab2Tests */,
				F5FB44F42A131216004D3898 /* Swift_lab2UITests */,
			);
		};
/* End PBXProject section */

/* Begin PBXResourcesBuildPhase section */
		F5FB44D92A131214004D3898 /* Resources */ = {
			isa = PBXResourcesBuildPhase;
			buildActionMask = 2147483647;
			files = (
				F5FB44E62A131216004D3898 /* Preview Assets.xcassets in Resources */,
				F5FB44E32A131216004D3898 /* Assets.xcassets in Resources */,
			);
			runOnlyForDeploymentPostprocessing = 0;
		};
		F5FB44E92A131216004D3898 /* Resources */ = {
			isa = PBXResourcesBuildPhase;
			buildActionMask = 2147483647;
			files = (
			);
			runOnlyForDeploymentPostprocessing = 0;
		};
		F5FB44F32A131216004D3898 /* Resources */ = {
			isa = PBXResourcesBuildPhase;
			buildActionMask = 2147483647;
			files = (
			);
			runOnlyForDeploymentPostprocessing = 0;
		};
/* End PBXResourcesBuildPhase section */

/* Begin PBXSourcesBuildPhase section */
		F5FB44D72A131214004D3898 /* Sources */ = {
			isa = PBXSourcesBuildPhase;
			buildActionMask = 2147483647;
			files = (
				F5FB44E12A131214004D3898 /* ContentView.swift in Sources */,
				F5FB44DF2A131214004D3898 /* Swift_lab2App.swift in Sources */,
				F5FB45092A13128E004D3898 /* LabView.swift in Sources */,
			);
			runOnlyForDeploymentPostprocessing = 0;
		};
		F5FB44E72A131216004D3898 /* Sources */ = {
			isa = PBXSourcesBuildPhase;
			buildActionMask = 2147483647;
			files = (
				F5FB44F02A131216004D3898 /* Swift_lab2Tests.swift in Sources */,
			);
			runOnlyForDeploymentPostprocessing = 0;
		};
		F5FB44F12A131216004D3898 /* Sources */ = {
			isa = PBXSourcesBuildPhase;
			buildActionMask = 2147483647;
			files = (
				F5FB44FA2A131216004D3898 /* Swift_lab2UITests.swift in Sources */,
				F5FB44FC2A131217004D3898 /* Swift_lab2UITestsLaunchTests.swift in Sources */,
			);
			runOnlyForDeploymentPostprocessing = 0;
		};
/* End PBXSourcesBuildPhase section */

/* Begin PBXTargetDependency section */
		F5FB44ED2A131216004D3898 /* PBXTargetDependency */ = {
			isa = PBXTargetDependency;
			target = F5FB44DA2A131214004D3898 /* Swift_lab2 */;
			targetProxy = F5FB44EC2A131216004D3898 /* PBXContainerItemProxy */;
		};
		F5FB44F72A131216004D3898 /* PBXTargetDependency */ = {
			isa = PBXTargetDependency;
			target = F5FB44DA2A131214004D3898 /* Swift_lab2 */;
			targetProxy = F5FB44F62A131216004D3898 /* PBXContainerItemProxy */;
		};
/* End PBXTargetDependency section */

/* Begin XCBuildConfiguration section */
		F5FB44FD2A131217004D3898 /* Debug */ = {
			isa = XCBuildConfiguration;
			buildSettings = {
				ALWAYS_SEARCH_USER_PATHS = NO;
				CLANG_ANALYZER_NONNULL = YES;
				CLANG_ANALYZER_NUMBER_OBJECT_CONVERSION = YES_AGGRESSIVE;
				CLANG_CXX_LANGUAGE_STANDARD = "gnu++20";
				CLANG_ENABLE_MODULES = YES;
				CLANG_ENABLE_OBJC_ARC = YES;
				CLANG_ENABLE_OBJC_WEAK = YES;
				CLANG_WARN_BLOCK_CAPTURE_AUTORELEASING = YES;
				CLANG_WARN_BOOL_CONVERSION = YES;
				CLANG_WARN_COMMA = YES;
				CLANG_WARN_CONSTANT_CONVERSION = YES;
				CLANG_WARN_DEPRECATED_OBJC_IMPLEMENTATIONS = YES;
				CLANG_WARN_DIRECT_OBJC_ISA_USAGE = YES_ERROR;
				CLANG_WARN_DOCUMENTATION_COMMENTS = YES;
				CLANG_WARN_EMPTY_BODY = YES;
				CLANG_WARN_ENUM_CONVERSION = YES;
				CLANG_WARN_INFINITE_RECURSION = YES;
				CLANG_WARN_INT_CONVERSION = YES;
				CLANG_WARN_NON_LITERAL_NULL_CONVERSION = YES;
				CLANG_WARN_OBJC_IMPLICIT_RETAIN_SELF = YES;
				CLANG_WARN_OBJC_LITERAL_CONVERSION = YES;
				CLANG_WARN_OBJC_ROOT_CLASS = YES_ERROR;
				CLANG_WARN_QUOTED_INCLUDE_IN_FRAMEWORK_HEADER = YES;
				CLANG_WARN_RANGE_LOOP_ANALYSIS = YES;
				CLANG_WARN_STRICT_PROTOTYPES = YES;
				CLANG_WARN_SUSPICIOUS_MOVE = YES;
				CLANG_WARN_UNGUARDED_AVAILABILITY = YES_AGGRESSIVE;
				CLANG_WARN_UNREACHABLE_CODE = YES;
				CLANG_WARN__DUPLICATE_METHOD_MATCH = YES;
				COPY_PHASE_STRIP = NO;
				DEBUG_INFORMATION_FORMAT = dwarf;
				ENABLE_STRICT_OBJC_MSGSEND = YES;
				ENABLE_TESTABILITY = YES;
				GCC_C_LANGUAGE_STANDARD = gnu11;
				GCC_DYNAMIC_NO_PIC = NO;
				GCC_NO_COMMON_BLOCKS = YES;
				GCC_OPTIMIZATION_LEVEL = 0;
				GCC_PREPROCESSOR_DEFINITIONS = (
					"DEBUG=1",
					"$(inherited)",
				);
				GCC_WARN_64_TO_32_BIT_CONVERSION = YES;
				GCC_WARN_ABOUT_RETURN_TYPE = YES_ERROR;
				GCC_WARN_UNDECLARED_SELECTOR = YES;
				GCC_WARN_UNINITIALIZED_AUTOS = YES_AGGRESSIVE;
				GCC_WARN_UNUSED_FUNCTION = YES;
				GCC_WARN_UNUSED_VARIABLE = YES;
				IPHONEOS_DEPLOYMENT_TARGET = 16.4;
				MTL_ENABLE_DEBUG_INFO = INCLUDE_SOURCE;
				MTL_FAST_MATH = YES;
				ONLY_ACTIVE_ARCH = YES;
				SDKROOT = iphoneos;
				SWIFT_ACTIVE_COMPILATION_CONDITIONS = DEBUG;
				SWIFT_OPTIMIZATION_LEVEL = "-Onone";
			};
			name = Debug;
		};
		F5FB44FE2A131217004D3898 /* Release */ = {
			isa = XCBuildConfiguration;
			buildSettings = {
				ALWAYS_SEARCH_USER_PATHS = NO;
				CLANG_ANALYZER_NONNULL = YES;
				CLANG_ANALYZER_NUMBER_OBJECT_CONVERSION = YES_AGGRESSIVE;
				CLANG_CXX_LANGUAGE_STANDARD = "gnu++20";
				CLANG_ENABLE_MODULES = YES;
				CLANG_ENABLE_OBJC_ARC = YES;
				CLANG_ENABLE_OBJC_WEAK = YES;
				CLANG_WARN_BLOCK_CAPTURE_AUTORELEASING = YES;
				CLANG_WARN_BOOL_CONVERSION = YES;
				CLANG_WARN_COMMA = YES;
				CLANG_WARN_CONSTANT_CONVERSION = YES;
				CLANG_WARN_DEPRECATED_OBJC_IMPLEMENTATIONS = YES;
				CLANG_WARN_DIRECT_OBJC_ISA_USAGE = YES_ERROR;
				CLANG_WARN_DOCUMENTATION_COMMENTS = YES;
				CLANG_WARN_EMPTY_BODY = YES;
				CLANG_WARN_ENUM_CONVERSION = YES;
				CLANG_WARN_INFINITE_RECURSION = YES;
				CLANG_WARN_INT_CONVERSION = YES;
				CLANG_WARN_NON_LITERAL_NULL_CONVERSION = YES;
				CLANG_WARN_OBJC_IMPLICIT_RETAIN_SELF = YES;
				CLANG_WARN_OBJC_LITERAL_CONVERSION = YES;
				CLANG_WARN_OBJC_ROOT_CLASS = YES_ERROR;
				CLANG_WARN_QUOTED_INCLUDE_IN_FRAMEWORK_HEADER = YES;
				CLANG_WARN_RANGE_LOOP_ANALYSIS = YES;
				CLANG_WARN_STRICT_PROTOTYPES = YES;
				CLANG_WARN_SUSPICIOUS_MOVE = YES;
				CLANG_WARN_UNGUARDED_AVAILABILITY = YES_AGGRESSIVE;
				CLANG_WARN_UNREACHABLE_CODE = YES;
				CLANG_WARN__DUPLICATE_METHOD_MATCH = YES;
				COPY_PHASE_STRIP = NO;
				DEBUG_INFORMATION_FORMAT = "dwarf-with-dsym";
				ENABLE_NS_ASSERTIONS = NO;
				ENABLE_STRICT_OBJC_MSGSEND = YES;
				GCC_C_LANGUAGE_STANDARD = gnu11;
				GCC_NO_COMMON_BLOCKS = YES;
				GCC_WARN_64_TO_32_BIT_CONVERSION = YES;
				GCC_WARN_ABOUT_RETURN_TYPE = YES_ERROR;
				GCC_WARN_UNDECLARED_SELECTOR = YES;
				GCC_WARN_UNINITIALIZED_AUTOS = YES_AGGRESSIVE;
				GCC_WARN_UNUSED_FUNCTION = YES;
				GCC_WARN_UNUSED_VARIABLE = YES;
				IPHONEOS_DEPLOYMENT_TARGET = 16.4;
				MTL_ENABLE_DEBUG_INFO = NO;
				MTL_FAST_MATH = YES;
				SDKROOT = iphoneos;
				SWIFT_COMPILATION_MODE = wholemodule;
				SWIFT_OPTIMIZATION_LEVEL = "-O";
				VALIDATE_PRODUCT = YES;
			};
			name = Release;
		};
		F5FB45002A131217004D3898 /* Debug */ = {
			isa = XCBuildConfiguration;
			buildSettings = {
				ASSETCATALOG_COMPILER_APPICON_NAME = AppIcon;
				ASSETCATALOG_COMPILER_GLOBAL_ACCENT_COLOR_NAME = AccentColor;
				CODE_SIGN_STYLE = Automatic;
				CURRENT_PROJECT_VERSION = 1;
				DEVELOPMENT_ASSET_PATHS = "\"Swift_lab2/Preview Content\"";
				DEVELOPMENT_TEAM = QFP5U2D9MM;
				ENABLE_PREVIEWS = YES;
				GENERATE_INFOPLIST_FILE = YES;
				INFOPLIST_KEY_UIApplicationSceneManifest_Generation = YES;
				INFOPLIST_KEY_UIApplicationSupportsIndirectInputEvents = YES;
				INFOPLIST_KEY_UILaunchScreen_Generation = YES;
				INFOPLIST_KEY_UISupportedInterfaceOrientations_iPad = "UIInterfaceOrientationPortrait UIInterfaceOrientationPortraitUpsideDown UIInterfaceOrientationLandscapeLeft UIInterfaceOrientationLandscapeRight";
				INFOPLIST_KEY_UISupportedInterfaceOrientations_iPhone = "UIInterfaceOrientationPortrait UIInterfaceOrientationLandscapeLeft UIInterfaceOrientationLandscapeRight";
				LD_RUNPATH_SEARCH_PATHS = (
					"$(inherited)",
					"@executable_path/Frameworks",
				);
				MARKETING_VERSION = 1.0;
				PRODUCT_BUNDLE_IDENTIFIER = "com.shahad.Swift-lab2";
				PRODUCT_NAME = "$(TARGET_NAME)";
				SWIFT_EMIT_LOC_STRINGS = YES;
				SWIFT_VERSION = 5.0;
				TARGETED_DEVICE_FAMILY = "1,2";
			};
			name = Debug;
		};
		F5FB45012A131217004D3898 /* Release */ = {
			isa = XCBuildConfiguration;
			buildSettings = {
				ASSETCATALOG_COMPILER_APPICON_NAME = AppIcon;
				ASSETCATALOG_COMPILER_GLOBAL_ACCENT_COLOR_NAME = AccentColor;
				CODE_SIGN_STYLE = Automatic;
				CURRENT_PROJECT_VERSION = 1;
				DEVELOPMENT_ASSET_PATHS = "\"Swift_lab2/Preview Content\"";
				DEVELOPMENT_TEAM = QFP5U2D9MM;
				ENABLE_PREVIEWS = YES;
				GENERATE_INFOPLIST_FILE = YES;
				INFOPLIST_KEY_UIApplicationSceneManifest_Generation = YES;
				INFOPLIST_KEY_UIApplicationSupportsIndirectInputEvents = YES;
				INFOPLIST_KEY_UILaunchScreen_Generation = YES;
				INFOPLIST_KEY_UISupportedInterfaceOrientations_iPad = "UIInterfaceOrientationPortrait UIInterfaceOrientationPortraitUpsideDown UIInterfaceOrientationLandscapeLeft UIInterfaceOrientationLandscapeRight";
				INFOPLIST_KEY_UISupportedInterfaceOrientations_iPhone = "UIInterfaceOrientationPortrait UIInterfaceOrientationLandscapeLeft UIInterfaceOrientationLandscapeRight";
				LD_RUNPATH_SEARCH_PATHS = (
					"$(inherited)",
					"@executable_path/Frameworks",
				);
				MARKETING_VERSION = 1.0;
				PRODUCT_BUNDLE_IDENTIFIER = "com.shahad.Swift-lab2";
				PRODUCT_NAME = "$(TARGET_NAME)";
				SWIFT_EMIT_LOC_STRINGS = YES;
				SWIFT_VERSION = 5.0;
				TARGETED_DEVICE_FAMILY = "1,2";
			};
			name = Release;
		};
		F5FB45032A131217004D3898 /* Debug */ = {
			isa = XCBuildConfiguration;
			buildSettings = {
				ALWAYS_EMBED_SWIFT_STANDARD_LIBRARIES = YES;
				BUNDLE_LOADER = "$(TEST_HOST)";
				CODE_SIGN_STYLE = Automatic;
				CURRENT_PROJECT_VERSION = 1;
				DEVELOPMENT_TEAM = QFP5U2D9MM;
				GENERATE_INFOPLIST_FILE = YES;
				IPHONEOS_DEPLOYMENT_TARGET = 16.4;
				MARKETING_VERSION = 1.0;
				PRODUCT_BUNDLE_IDENTIFIER = "com.shahad.Swift-lab2Tests";
				PRODUCT_NAME = "$(TARGET_NAME)";
				SWIFT_EMIT_LOC_STRINGS = NO;
				SWIFT_VERSION = 5.0;
				TARGETED_DEVICE_FAMILY = "1,2";
				TEST_HOST = "$(BUILT_PRODUCTS_DIR)/Swift_lab2.app/$(BUNDLE_EXECUTABLE_FOLDER_PATH)/Swift_lab2";
			};
			name = Debug;
		};
		F5FB45042A131217004D3898 /* Release */ = {
			isa = XCBuildConfiguration;
			buildSettings = {
				ALWAYS_EMBED_SWIFT_STANDARD_LIBRARIES = YES;
				BUNDLE_LOADER = "$(TEST_HOST)";
				CODE_SIGN_STYLE = Automatic;
				CURRENT_PROJECT_VERSION = 1;
				DEVELOPMENT_TEAM = QFP5U2D9MM;
				GENERATE_INFOPLIST_FILE = YES;
				IPHONEOS_DEPLOYMENT_TARGET = 16.4;
				MARKETING_VERSION = 1.0;
				PRODUCT_BUNDLE_IDENTIFIER = "com.shahad.Swift-lab2Tests";
				PRODUCT_NAME = "$(TARGET_NAME)";
				SWIFT_EMIT_LOC_STRINGS = NO;
				SWIFT_VERSION = 5.0;
				TARGETED_DEVICE_FAMILY = "1,2";
				TEST_HOST = "$(BUILT_PRODUCTS_DIR)/Swift_lab2.app/$(BUNDLE_EXECUTABLE_FOLDER_PATH)/Swift_lab2";
			};
			name = Release;
		};
		F5FB45062A131217004D3898 /* Debug */ = {
			isa = XCBuildConfiguration;
			buildSettings = {
				ALWAYS_EMBED_SWIFT_STANDARD_LIBRARIES = YES;
				CODE_SIGN_STYLE = Automatic;
				CURRENT_PROJECT_VERSION = 1;
				DEVELOPMENT_TEAM = QFP5U2D9MM;
				GENERATE_INFOPLIST_FILE = YES;
				MARKETING_VERSION = 1.0;
				PRODUCT_BUNDLE_IDENTIFIER = "com.shahad.Swift-lab2UITests";
				PRODUCT_NAME = "$(TARGET_NAME)";
				SWIFT_EMIT_LOC_STRINGS = NO;
				SWIFT_VERSION = 5.0;
				TARGETED_DEVICE_FAMILY = "1,2";
				TEST_TARGET_NAME = Swift_lab2;
			};
			name = Debug;
		};
		F5FB45072A131217004D3898 /* Release */ = {
			isa = XCBuildConfiguration;
			buildSettings = {
				ALWAYS_EMBED_SWIFT_STANDARD_LIBRARIES = YES;
				CODE_SIGN_STYLE = Automatic;
				CURRENT_PROJECT_VERSION = 1;
				DEVELOPMENT_TEAM = QFP5U2D9MM;
				GENERATE_INFOPLIST_FILE = YES;
				MARKETING_VERSION = 1.0;
				PRODUCT_BUNDLE_IDENTIFIER = "com.shahad.Swift-lab2UITests";
				PRODUCT_NAME = "$(TARGET_NAME)";
				SWIFT_EMIT_LOC_STRINGS = NO;
				SWIFT_VERSION = 5.0;
				TARGETED_DEVICE_FAMILY = "1,2";
				TEST_TARGET_NAME = Swift_lab2;
			};
			name = Release;
		};
/* End XCBuildConfiguration section */

/* Begin XCConfigurationList section */
		F5FB44D62A131214004D3898 /* Build configuration list for PBXProject "Swift_lab2" */ = {
			isa = XCConfigurationList;
			buildConfigurations = (
				F5FB44FD2A131217004D3898 /* Debug */,
				F5FB44FE2A131217004D3898 /* Release */,
			);
			defaultConfigurationIsVisible = 0;
			defaultConfigurationName = Release;
		};
		F5FB44FF2A131217004D3898 /* Build configuration list for PBXNativeTarget "Swift_lab2" */ = {
			isa = XCConfigurationList;
			buildConfigurations = (
				F5FB45002A131217004D3898 /* Debug */,
				F5FB45012A131217004D3898 /* Release */,
			);
			defaultConfigurationIsVisible = 0;
			defaultConfigurationName = Release;
		};
		F5FB45022A131217004D3898 /* Build configuration list for PBXNativeTarget "Swift_lab2Tests" */ = {
			isa = XCConfigurationList;
			buildConfigurations = (
				F5FB45032A131217004D3898 /* Debug */,
				F5FB45042A131217004D3898 /* Release */,
			);
			defaultConfigurationIsVisible = 0;
			defaultConfigurationName = Release;
		};
		F5FB45052A131217004D3898 /* Build configuration list for PBXNativeTarget "Swift_lab2UITests" */ = {
			isa = XCConfigurationList;
			buildConfigurations = (
				F5FB45062A131217004D3898 /* Debug */,
				F5FB45072A131217004D3898 /* Release */,
			);
			defaultConfigurationIsVisible = 0;
			defaultConfigurationName = Release;
		};
/* End XCConfigurationList section */
	};
	rootObject = F5FB44D32A131214004D3898 /* Project object */;
}
